
Microsoft Visual Studio Solution File, Format Version 12.00
# Visual Studio 15
VisualStudioVersion = 15.0.26730.16
MinimumVisualStudioVersion = 10.0.40219.1
Project("{8BC9CEB8-8B4A-11D0-8D11-00A0C91BC942}") = "C語言", "C語言\C語言.vcxproj", "{8D31C294-2E1D-4282-9523-8677A434DD82}"
EndProject
Project("{8BC9CEB8-8B4A-11D0-8D11-00A0C91BC942}") = "hw2_1060830", "hw2_1060830\hw2_1060830.vcxproj", "{DA6754B8-FA61-43E9-AE8B-1C58F9DDCFA0}"
EndProject
Project("{8BC9CEB8-8B4A-11D0-8D11-00A0C91BC942}") = "hw1_1060823", "hw1_1060823\hw1_1060823.vcxproj", "{91ABB755-4A7B-4986-880D-176A847ABBFC}"
EndProject
Project("{8BC9CEB8-8B4A-11D0-8D11-00A0C91BC942}") = "ch03_1060906", "ch3_1060906\ch3_1060906.vcxproj", "{9DC906F4-AFC4-482F-954C-B3054BBD3570}"
EndProject
Project("{8BC9CEB8-8B4A-11D0-8D11-00A0C91BC942}") = "ch02_1060830", "ch2_1060830\ch2_1060830.vcxproj", "{836CAC5B-6AD6-44BF-8B8A-7063EEEE46C8}"
EndProject
Project("{8BC9CEB8-8B4A-11D0-8D11-00A0C91BC942}") = "ch01_1060823", "ch1_1060823\ch1_1060823.vcxproj", "{ECEB5E6A-D438-4B8E-9FBD-9A663D5032BE}"
EndProject
Project("{8BC9CEB8-8B4A-11D0-8D11-00A0C91BC942}") = "hw4_1060913", "hw4_1060913\hw4_1060913.vcxproj", "{D82B57AF-4007-4B8C-A75A-8BD58D739853}"
EndProject
Project("{8BC9CEB8-8B4A-11D0-8D11-00A0C91BC942}") = "hw3_1060906", "hw3_1060906\hw3_1060906.vcxproj", "{C10C4884-3CAC-4818-A877-63D8F0FF8A5D}"
EndProject
Project("{8BC9CEB8-8B4A-11D0-8D11-00A0C91BC942}") = "ch04_1060913", "ch4_1060913\ch4_1060913.vcxproj", "{C97E3D1C-3D12-4D91-AC47-9F9A9FB426F5}"
EndProject
Project("{8BC9CEB8-8B4A-11D0-8D11-00A0C91BC942}") = "ch05_1060920", "ch5_1060920\ch5_1060920.vcxproj", "{986DA834-043A-4572-AF67-E7A3E9923FCE}"
EndProject
Project("{8BC9CEB8-8B4A-11D0-8D11-00A0C91BC942}") = "ch06_1060927", "ch6_1060927\ch6_1060927.vcxproj", "{5FAFBDC3-0311-4211-ABB0-2C0A8817ECED}"
EndProject
Project("{8BC9CEB8-8B4A-11D0-8D11-00A0C91BC942}") = "hw6_1060927", "hw6_1060927\hw6_1060927.vcxproj", "{36724BFB-34CA-4D19-A771-B88980BDE590}"
EndProject
Project("{8BC9CEB8-8B4A-11D0-8D11-00A0C91BC942}") = "ch07_1061011", "ch7_1061011\ch7_1061011.vcxproj", "{8EDFC5C3-8F49-4B1A-A0F5-D1725E289523}"
EndProject
Project("{8BC9CEB8-8B4A-11D0-8D11-00A0C91BC942}") = "ch08_1061018", "ch8_1061018\ch8_1061018.vcxproj", "{2C026554-AD77-4865-9731-0252A6D00908}"
EndProject
Project("{8BC9CEB8-8B4A-11D0-8D11-00A0C91BC942}") = "hw8_1061018", "hw8_1061018\hw8_1061018.vcxproj", "{E3418230-63FF-4326-A1A5-96664B45A0FC}"
EndProject
Project("{8BC9CEB8-8B4A-11D0-8D11-00A0C91BC942}") = "ch10_1061108", "ch10_1061108\ch10_1061108.vcxproj", "{D4D238A2-FE35-4713-9CF2-6032577AEBDB}"
EndProject
Project("{8BC9CEB8-8B4A-11D0-8D11-00A0C91BC942}") = "ch09_1061101", "ch09_1061101\ch09_1061101.vcxproj", "{AD8E573A-2458-41E1-96E0-535B7CD35CE8}"
EndProject
Project("{8BC9CEB8-8B4A-11D0-8D11-00A0C91BC942}") = "ch11_1061115", "ch11_1061115\ch11_1061115.vcxproj", "{E47F3109-BC8D-44C1-BF24-EEF4AD15992B}"
EndProject
Global
	GlobalSection(SolutionConfigurationPlatforms) = preSolution
		Debug|x64 = Debug|x64
		Debug|x86 = Debug|x86
		Release|x64 = Release|x64
		Release|x86 = Release|x86
	EndGlobalSection
	GlobalSection(ProjectConfigurationPlatforms) = postSolution
		{8D31C294-2E1D-4282-9523-8677A434DD82}.Debug|x64.ActiveCfg = Debug|x64
		{8D31C294-2E1D-4282-9523-8677A434DD82}.Debug|x64.Build.0 = Debug|x64
		{8D31C294-2E1D-4282-9523-8677A434DD82}.Debug|x86.ActiveCfg = Debug|Win32
		{8D31C294-2E1D-4282-9523-8677A434DD82}.Debug|x86.Build.0 = Debug|Win32
		{8D31C294-2E1D-4282-9523-8677A434DD82}.Release|x64.ActiveCfg = Release|x64
		{8D31C294-2E1D-4282-9523-8677A434DD82}.Release|x64.Build.0 = Release|x64
		{8D31C294-2E1D-4282-9523-8677A434DD82}.Release|x86.ActiveCfg = Release|Win32
		{8D31C294-2E1D-4282-9523-8677A434DD82}.Release|x86.Build.0 = Release|Win32
		{DA6754B8-FA61-43E9-AE8B-1C58F9DDCFA0}.Debug|x64.ActiveCfg = Debug|x64
		{DA6754B8-FA61-43E9-AE8B-1C58F9DDCFA0}.Debug|x64.Build.0 = Debug|x64
		{DA6754B8-FA61-43E9-AE8B-1C58F9DDCFA0}.Debug|x86.ActiveCfg = Debug|Win32
		{DA6754B8-FA61-43E9-AE8B-1C58F9DDCFA0}.Debug|x86.Build.0 = Debug|Win32
		{DA6754B8-FA61-43E9-AE8B-1C58F9DDCFA0}.Release|x64.ActiveCfg = Release|x64
		{DA6754B8-FA61-43E9-AE8B-1C58F9DDCFA0}.Release|x64.Build.0 = Release|x64
		{DA6754B8-FA61-43E9-AE8B-1C58F9DDCFA0}.Release|x86.ActiveCfg = Release|Win32
		{DA6754B8-FA61-43E9-AE8B-1C58F9DDCFA0}.Release|x86.Build.0 = Release|Win32
		{91ABB755-4A7B-4986-880D-176A847ABBFC}.Debug|x64.ActiveCfg = Debug|x64
		{91ABB755-4A7B-4986-880D-176A847ABBFC}.Debug|x64.Build.0 = Debug|x64
		{91ABB755-4A7B-4986-880D-176A847ABBFC}.Debug|x86.ActiveCfg = Debug|Win32
		{91ABB755-4A7B-4986-880D-176A847ABBFC}.Debug|x86.Build.0 = Debug|Win32
		{91ABB755-4A7B-4986-880D-176A847ABBFC}.Release|x64.ActiveCfg = Release|x64
		{91ABB755-4A7B-4986-880D-176A847ABBFC}.Release|x64.Build.0 = Release|x64
		{91ABB755-4A7B-4986-880D-176A847ABBFC}.Release|x86.ActiveCfg = Release|Win32
		{91ABB755-4A7B-4986-880D-176A847ABBFC}.Release|x86.Build.0 = Release|Win32
		{9DC906F4-AFC4-482F-954C-B3054BBD3570}.Debug|x64.ActiveCfg = Debug|x64
		{9DC906F4-AFC4-482F-954C-B3054BBD3570}.Debug|x64.Build.0 = Debug|x64
		{9DC906F4-AFC4-482F-954C-B3054BBD3570}.Debug|x86.ActiveCfg = Debug|Win32
		{9DC906F4-AFC4-482F-954C-B3054BBD3570}.Debug|x86.Build.0 = Debug|Win32
		{9DC906F4-AFC4-482F-954C-B3054BBD3570}.Release|x64.ActiveCfg = Release|x64
		{9DC906F4-AFC4-482F-954C-B3054BBD3570}.Release|x64.Build.0 = Release|x64
		{9DC906F4-AFC4-482F-954C-B3054BBD3570}.Release|x86.ActiveCfg = Release|Win32
		{9DC906F4-AFC4-482F-954C-B3054BBD3570}.Release|x86.Build.0 = Release|Win32
		{836CAC5B-6AD6-44BF-8B8A-7063EEEE46C8}.Debug|x64.ActiveCfg = Debug|x64
		{836CAC5B-6AD6-44BF-8B8A-7063EEEE46C8}.Debug|x64.Build.0 = Debug|x64
		{836CAC5B-6AD6-44BF-8B8A-7063EEEE46C8}.Debug|x86.ActiveCfg = Debug|Win32
		{836CAC5B-6AD6-44BF-8B8A-7063EEEE46C8}.Debug|x86.Build.0 = Debug|Win32
		{836CAC5B-6AD6-44BF-8B8A-7063EEEE46C8}.Release|x64.ActiveCfg = Release|x64
		{836CAC5B-6AD6-44BF-8B8A-7063EEEE46C8}.Release|x64.Build.0 = Release|x64
		{836CAC5B-6AD6-44BF-8B8A-7063EEEE46C8}.Release|x86.ActiveCfg = Release|Win32
		{836CAC5B-6AD6-44BF-8B8A-7063EEEE46C8}.Release|x86.Build.0 = Release|Win32
		{ECEB5E6A-D438-4B8E-9FBD-9A663D5032BE}.Debug|x64.ActiveCfg = Debug|x64
		{ECEB5E6A-D438-4B8E-9FBD-9A663D5032BE}.Debug|x64.Build.0 = Debug|x64
		{ECEB5E6A-D438-4B8E-9FBD-9A663D5032BE}.Debug|x86.ActiveCfg = Debug|Win32
		{ECEB5E6A-D438-4B8E-9FBD-9A663D5032BE}.Debug|x86.Build.0 = Debug|Win32
		{ECEB5E6A-D438-4B8E-9FBD-9A663D5032BE}.Release|x64.ActiveCfg = Release|x64
		{ECEB5E6A-D438-4B8E-9FBD-9A663D5032BE}.Release|x64.Build.0 = Release|x64
		{ECEB5E6A-D438-4B8E-9FBD-9A663D5032BE}.Release|x86.ActiveCfg = Release|Win32
		{ECEB5E6A-D438-4B8E-9FBD-9A663D5032BE}.Release|x86.Build.0 = Release|Win32
		{D82B57AF-4007-4B8C-A75A-8BD58D739853}.Debug|x64.ActiveCfg = Debug|x64
		{D82B57AF-4007-4B8C-A75A-8BD58D739853}.Debug|x64.Build.0 = Debug|x64
		{D82B57AF-4007-4B8C-A75A-8BD58D739853}.Debug|x86.ActiveCfg = Debug|Win32
		{D82B57AF-4007-4B8C-A75A-8BD58D739853}.Debug|x86.Build.0 = Debug|Win32
		{D82B57AF-4007-4B8C-A75A-8BD58D739853}.Release|x64.ActiveCfg = Release|x64
		{D82B57AF-4007-4B8C-A75A-8BD58D739853}.Release|x64.Build.0 = Release|x64
		{D82B57AF-4007-4B8C-A75A-8BD58D739853}.Release|x86.ActiveCfg = Release|Win32
		{D82B57AF-4007-4B8C-A75A-8BD58D739853}.Release|x86.Build.0 = Release|Win32
		{C10C4884-3CAC-4818-A877-63D8F0FF8A5D}.Debug|x64.ActiveCfg = Debug|x64
		{C10C4884-3CAC-4818-A877-63D8F0FF8A5D}.Debug|x64.Build.0 = Debug|x64
		{C10C4884-3CAC-4818-A877-63D8F0FF8A5D}.Debug|x86.ActiveCfg = Debug|Win32
		{C10C4884-3CAC-4818-A877-63D8F0FF8A5D}.Debug|x86.Build.0 = Debug|Win32
		{C10C4884-3CAC-4818-A877-63D8F0FF8A5D}.Release|x64.ActiveCfg = Release|x64
		{C10C4884-3CAC-4818-A877-63D8F0FF8A5D}.Release|x64.Build.0 = Release|x64
		{C10C4884-3CAC-4818-A877-63D8F0FF8A5D}.Release|x86.ActiveCfg = Release|Win32
		{C10C4884-3CAC-4818-A877-63D8F0FF8A5D}.Release|x86.Build.0 = Release|Win32
		{C97E3D1C-3D12-4D91-AC47-9F9A9FB426F5}.Debug|x64.ActiveCfg = Debug|x64
		{C97E3D1C-3D12-4D91-AC47-9F9A9FB426F5}.Debug|x64.Build.0 = Debug|x64
		{C97E3D1C-3D12-4D91-AC47-9F9A9FB426F5}.Debug|x86.ActiveCfg = Debug|Win32
		{C97E3D1C-3D12-4D91-AC47-9F9A9FB426F5}.Debug|x86.Build.0 = Debug|Win32
		{C97E3D1C-3D12-4D91-AC47-9F9A9FB426F5}.Release|x64.ActiveCfg = Release|x64
		{C97E3D1C-3D12-4D91-AC47-9F9A9FB426F5}.Release|x64.Build.0 = Release|x64
		{C97E3D1C-3D12-4D91-AC47-9F9A9FB426F5}.Release|x86.ActiveCfg = Release|Win32
		{C97E3D1C-3D12-4D91-AC47-9F9A9FB426F5}.Release|x86.Build.0 = Release|Win32
		{986DA834-043A-4572-AF67-E7A3E9923FCE}.Debug|x64.ActiveCfg = Debug|x64
		{986DA834-043A-4572-AF67-E7A3E9923FCE}.Debug|x64.Build.0 = Debug|x64
		{986DA834-043A-4572-AF67-E7A3E9923FCE}.Debug|x86.ActiveCfg = Debug|Win32
		{986DA834-043A-4572-AF67-E7A3E9923FCE}.Debug|x86.Build.0 = Debug|Win32
		{986DA834-043A-4572-AF67-E7A3E9923FCE}.Release|x64.ActiveCfg = Release|x64
		{986DA834-043A-4572-AF67-E7A3E9923FCE}.Release|x64.Build.0 = Release|x64
		{986DA834-043A-4572-AF67-E7A3E9923FCE}.Release|x86.ActiveCfg = Release|Win32
		{986DA834-043A-4572-AF67-E7A3E9923FCE}.Release|x86.Build.0 = Release|Win32
		{5FAFBDC3-0311-4211-ABB0-2C0A8817ECED}.Debug|x64.ActiveCfg = Debug|x64
		{5FAFBDC3-0311-4211-ABB0-2C0A8817ECED}.Debug|x64.Build.0 = Debug|x64
		{5FAFBDC3-0311-4211-ABB0-2C0A8817ECED}.Debug|x86.ActiveCfg = Debug|Win32
		{5FAFBDC3-0311-4211-ABB0-2C0A8817ECED}.Debug|x86.Build.0 = Debug|Win32
		{5FAFBDC3-0311-4211-ABB0-2C0A8817ECED}.Release|x64.ActiveCfg = Release|x64
		{5FAFBDC3-0311-4211-ABB0-2C0A8817ECED}.Release|x64.Build.0 = Release|x64
		{5FAFBDC3-0311-4211-ABB0-2C0A8817ECED}.Release|x86.ActiveCfg = Release|Win32
		{5FAFBDC3-0311-4211-ABB0-2C0A8817ECED}.Release|x86.Build.0 = Release|Win32
		{36724BFB-34CA-4D19-A771-B88980BDE590}.Debug|x64.ActiveCfg = Debug|x64
		{36724BFB-34CA-4D19-A771-B88980BDE590}.Debug|x64.Build.0 = Debug|x64
		{36724BFB-34CA-4D19-A771-B88980BDE590}.Debug|x86.ActiveCfg = Debug|Win32
		{36724BFB-34CA-4D19-A771-B88980BDE590}.Debug|x86.Build.0 = Debug|Win32
		{36724BFB-34CA-4D19-A771-B88980BDE590}.Release|x64.ActiveCfg = Release|x64
		{36724BFB-34CA-4D19-A771-B88980BDE590}.Release|x64.Build.0 = Release|x64
		{36724BFB-34CA-4D19-A771-B88980BDE590}.Release|x86.ActiveCfg = Release|Win32
		{36724BFB-34CA-4D19-A771-B88980BDE590}.Release|x86.Build.0 = Release|Win32
		{8EDFC5C3-8F49-4B1A-A0F5-D1725E289523}.Debug|x64.ActiveCfg = Debug|x64
		{8EDFC5C3-8F49-4B1A-A0F5-D1725E289523}.Debug|x64.Build.0 = Debug|x64
		{8EDFC5C3-8F49-4B1A-A0F5-D1725E289523}.Debug|x86.ActiveCfg = Debug|Win32
		{8EDFC5C3-8F49-4B1A-A0F5-D1725E289523}.Debug|x86.Build.0 = Debug|Win32
		{8EDFC5C3-8F49-4B1A-A0F5-D1725E289523}.Release|x64.ActiveCfg = Release|x64
		{8EDFC5C3-8F49-4B1A-A0F5-D1725E289523}.Release|x64.Build.0 = Release|x64
		{8EDFC5C3-8F49-4B1A-A0F5-D1725E289523}.Release|x86.ActiveCfg = Release|Win32
		{8EDFC5C3-8F49-4B1A-A0F5-D1725E289523}.Release|x86.Build.0 = Release|Win32
		{2C026554-AD77-4865-9731-0252A6D00908}.Debug|x64.ActiveCfg = Debug|x64
		{2C026554-AD77-4865-9731-0252A6D00908}.Debug|x64.Build.0 = Debug|x64
		{2C026554-AD77-4865-9731-0252A6D00908}.Debug|x86.ActiveCfg = Debug|Win32
		{2C026554-AD77-4865-9731-0252A6D00908}.Debug|x86.Build.0 = Debug|Win32
		{2C026554-AD77-4865-9731-0252A6D00908}.Release|x64.ActiveCfg = Release|x64
		{2C026554-AD77-4865-9731-0252A6D00908}.Release|x64.Build.0 = Release|x64
		{2C026554-AD77-4865-9731-0252A6D00908}.Release|x86.ActiveCfg = Release|Win32
		{2C026554-AD77-4865-9731-0252A6D00908}.Release|x86.Build.0 = Release|Win32
		{E3418230-63FF-4326-A1A5-96664B45A0FC}.Debug|x64.ActiveCfg = Debug|x64
		{E3418230-63FF-4326-A1A5-96664B45A0FC}.Debug|x64.Build.0 = Debug|x64
		{E3418230-63FF-4326-A1A5-96664B45A0FC}.Debug|x86.ActiveCfg = Debug|Win32
		{E3418230-63FF-4326-A1A5-96664B45A0FC}.Debug|x86.Build.0 = Debug|Win32
		{E3418230-63FF-4326-A1A5-96664B45A0FC}.Release|x64.ActiveCfg = Release|x64
		{E3418230-63FF-4326-A1A5-96664B45A0FC}.Release|x64.Build.0 = Release|x64
		{E3418230-63FF-4326-A1A5-96664B45A0FC}.Release|x86.ActiveCfg = Release|Win32
		{E3418230-63FF-4326-A1A5-96664B45A0FC}.Release|x86.Build.0 = Release|Win32
		{D4D238A2-FE35-4713-9CF2-6032577AEBDB}.Debug|x64.ActiveCfg = Debug|x64
		{D4D238A2-FE35-4713-9CF2-6032577AEBDB}.Debug|x64.Build.0 = Debug|x64
		{D4D238A2-FE35-4713-9CF2-6032577AEBDB}.Debug|x86.ActiveCfg = Debug|Win32
		{D4D238A2-FE35-4713-9CF2-6032577AEBDB}.Debug|x86.Build.0 = Debug|Win32
		{D4D238A2-FE35-4713-9CF2-6032577AEBDB}.Release|x64.ActiveCfg = Release|x64
		{D4D238A2-FE35-4713-9CF2-6032577AEBDB}.Release|x64.Build.0 = Release|x64
		{D4D238A2-FE35-4713-9CF2-6032577AEBDB}.Release|x86.ActiveCfg = Release|Win32
		{D4D238A2-FE35-4713-9CF2-6032577AEBDB}.Release|x86.Build.0 = Release|Win32
		{AD8E573A-2458-41E1-96E0-535B7CD35CE8}.Debug|x64.ActiveCfg = Debug|x64
		{AD8E573A-2458-41E1-96E0-535B7CD35CE8}.Debug|x64.Build.0 = Debug|x64
		{AD8E573A-2458-41E1-96E0-535B7CD35CE8}.Debug|x86.ActiveCfg = Debug|Win32
		{AD8E573A-2458-41E1-96E0-535B7CD35CE8}.Debug|x86.Build.0 = Debug|Win32
		{AD8E573A-2458-41E1-96E0-535B7CD35CE8}.Release|x64.ActiveCfg = Release|x64
		{AD8E573A-2458-41E1-96E0-535B7CD35CE8}.Release|x64.Build.0 = Release|x64
		{AD8E573A-2458-41E1-96E0-535B7CD35CE8}.Release|x86.ActiveCfg = Release|Win32
		{AD8E573A-2458-41E1-96E0-535B7CD35CE8}.Release|x86.Build.0 = Release|Win32
		{E47F3109-BC8D-44C1-BF24-EEF4AD15992B}.Debug|x64.ActiveCfg = Debug|x64
		{E47F3109-BC8D-44C1-BF24-EEF4AD15992B}.Debug|x64.Build.0 = Debug|x64
		{E47F3109-BC8D-44C1-BF24-EEF4AD15992B}.Debug|x86.ActiveCfg = Debug|Win32
		{E47F3109-BC8D-44C1-BF24-EEF4AD15992B}.Debug|x86.Build.0 = Debug|Win32
		{E47F3109-BC8D-44C1-BF24-EEF4AD15992B}.Release|x64.ActiveCfg = Release|x64
		{E47F3109-BC8D-44C1-BF24-EEF4AD15992B}.Release|x64.Build.0 = Release|x64
		{E47F3109-BC8D-44C1-BF24-EEF4AD15992B}.Release|x86.ActiveCfg = Release|Win32
		{E47F3109-BC8D-44C1-BF24-EEF4AD15992B}.Release|x86.Build.0 = Release|Win32
	EndGlobalSection
	GlobalSection(SolutionProperties) = preSolution
		HideSolutionNode = FALSE
	EndGlobalSection
	GlobalSection(ExtensibilityGlobals) = postSolution
		SolutionGuid = {05C63C9C-FC22-42E8-BB23-014FEB014B84}
	EndGlobalSection
EndGlobal
